Microsoft Visual Studio Solution File, Format Version 12.00
# Visual Studio 15
VisualStudioVersion = 15.0.28307.106
MinimumVisualStudioVersion = 10.0.40219.1
Project("{9A19103F-16F7-4668-BE54-9A1E7A4F7556}") = "NKP_26_03", "NKP_26_03.csproj", "{DB61D0D4-0927-B6B9-F143-B494AE44501B}"
EndProject
Global
    GlobalSection(SolutionConfigurationPlatforms) = preSolution
        Debug|Any CPU = Debug|Any CPU
        Release|Any CPU = Release|Any CPU
    EndGlobalSection
    GlobalSection(ProjectConfigurationPlatforms) = postSolution
        {DB61D0D4-0927-B6B9-F143-B494AE44501B}.Debug|Any CPU.ActiveCfg = Debug|Any CPU
        {DB61D0D4-0927-B6B9-F143-B494AE44501B}.Debug|Any CPU.Build.0 = Debug|Any CPU
        {DB61D0D4-0927-B6B9-F143-B494AE44501B}.Release|Any CPU.ActiveCfg = Release|Any CPU
        {DB61D0D4-0927-B6B9-F143-B494AE44501B}.Release|Any CPU.Build.0 = Release|Any CPU
    EndGlobalSection
    GlobalSection(SolutionProperties) = preSolution
        HideSolutionNode = FALSE
    EndGlobalSection
EndGlobal
